// !$*UTF8*$!
{
	archiveVersion = 1;
	classes = {
	};
	objectVersion = 56;
	objects = {

/* Begin PBXBuildFile section */
		3E9224162A552CA20087590D /* LandmarksApp.swift in Sources */ = {isa = PBXBuildFile; fileRef = 3E9224152A552CA20087590D /* LandmarksApp.swift */; };
		3E9224182A552CA20087590D /* ContentView.swift in Sources */ = {isa = PBXBuildFile; fileRef = 3E9224172A552CA20087590D /* ContentView.swift */; };
		3E92241A2A552CA30087590D /* Assets.xcassets in Resources */ = {isa = PBXBuildFile; fileRef = 3E9224192A552CA30087590D /* Assets.xcassets */; };
		3E92241D2A552CA30087590D /* Preview Assets.xcassets in Resources */ = {isa = PBXBuildFile; fileRef = 3E92241C2A552CA30087590D /* Preview Assets.xcassets */; };
		3E9224402A5531E80087590D /* CircleImage.swift in Sources */ = {isa = PBXBuildFile; fileRef = 3E92243F2A5531E80087590D /* CircleImage.swift */; };
		3E9224422A5532F20087590D /* MapView.swift in Sources */ = {isa = PBXBuildFile; fileRef = 3E9224412A5532F20087590D /* MapView.swift */; };
		3E9224442A5538E70087590D /* landmarkData.json in Resources */ = {isa = PBXBuildFile; fileRef = 3E9224432A5538E70087590D /* landmarkData.json */; };
		3E9224452A5538E70087590D /* landmarkData.json in Resources */ = {isa = PBXBuildFile; fileRef = 3E9224432A5538E70087590D /* landmarkData.json */; };
		3E9224462A5538E70087590D /* landmarkData.json in Resources */ = {isa = PBXBuildFile; fileRef = 3E9224432A5538E70087590D /* landmarkData.json */; };
		3E9224482A5539140087590D /* Landmark.swift in Sources */ = {isa = PBXBuildFile; fileRef = 3E9224472A5539140087590D /* Landmark.swift */; };
		3E9224492A5539140087590D /* Landmark.swift in Sources */ = {isa = PBXBuildFile; fileRef = 3E9224472A5539140087590D /* Landmark.swift */; };
		3E92244A2A5539140087590D /* Landmark.swift in Sources */ = {isa = PBXBuildFile; fileRef = 3E9224472A5539140087590D /* Landmark.swift */; };
		3E92244C2A5541DE0087590D /* ModelData.swift in Sources */ = {isa = PBXBuildFile; fileRef = 3E92244B2A5541DE0087590D /* ModelData.swift */; };
		3E92244D2A5541DE0087590D /* ModelData.swift in Sources */ = {isa = PBXBuildFile; fileRef = 3E92244B2A5541DE0087590D /* ModelData.swift */; };
		3E92244E2A5541DE0087590D /* ModelData.swift in Sources */ = {isa = PBXBuildFile; fileRef = 3E92244B2A5541DE0087590D /* ModelData.swift */; };
		3E9224532A554FF10087590D /* LandmarkRow.swift in Sources */ = {isa = PBXBuildFile; fileRef = 3E9224522A554FF10087590D /* LandmarkRow.swift */; };
		3E9224542A554FF10087590D /* LandmarkRow.swift in Sources */ = {isa = PBXBuildFile; fileRef = 3E9224522A554FF10087590D /* LandmarkRow.swift */; };
		3E9224552A554FF10087590D /* LandmarkRow.swift in Sources */ = {isa = PBXBuildFile; fileRef = 3E9224522A554FF10087590D /* LandmarkRow.swift */; };
		3E9224572A5557930087590D /* LandmarkList.swift in Sources */ = {isa = PBXBuildFile; fileRef = 3E9224562A5557930087590D /* LandmarkList.swift */; };
		3E9224582A5557930087590D /* LandmarkList.swift in Sources */ = {isa = PBXBuildFile; fileRef = 3E9224562A5557930087590D /* LandmarkList.swift */; };
		3E9224592A5557930087590D /* LandmarkList.swift in Sources */ = {isa = PBXBuildFile; fileRef = 3E9224562A5557930087590D /* LandmarkList.swift */; };
		3E92245B2A555A090087590D /* LandmarkDetail.swift in Sources */ = {isa = PBXBuildFile; fileRef = 3E92245A2A555A090087590D /* LandmarkDetail.swift */; };
		3E92245C2A555A090087590D /* LandmarkDetail.swift in Sources */ = {isa = PBXBuildFile; fileRef = 3E92245A2A555A090087590D /* LandmarkDetail.swift */; };
		3E92245D2A555A090087590D /* LandmarkDetail.swift in Sources */ = {isa = PBXBuildFile; fileRef = 3E92245A2A555A090087590D /* LandmarkDetail.swift */; };
		3E92245F2A55A6330087590D /* FavoriteButton.swift in Sources */ = {isa = PBXBuildFile; fileRef = 3E92245E2A55A6330087590D /* FavoriteButton.swift */; };
		3E9224602A55A6330087590D /* FavoriteButton.swift in Sources */ = {isa = PBXBuildFile; fileRef = 3E92245E2A55A6330087590D /* FavoriteButton.swift */; };
		3E9224612A55A6330087590D /* FavoriteButton.swift in Sources */ = {isa = PBXBuildFile; fileRef = 3E92245E2A55A6330087590D /* FavoriteButton.swift */; };
		3E9224642A56739E0087590D /* MapView.swift in Sources */ = {isa = PBXBuildFile; fileRef = 3E9224412A5532F20087590D /* MapView.swift */; };
		3E9224652A56739E0087590D /* MapView.swift in Sources */ = {isa = PBXBuildFile; fileRef = 3E9224412A5532F20087590D /* MapView.swift */; };
		3E9224672A5684E20087590D /* HexagonParameters.swift in Sources */ = {isa = PBXBuildFile; fileRef = 3E9224662A5684E20087590D /* HexagonParameters.swift */; };
		3E9224682A5684E20087590D /* HexagonParameters.swift in Sources */ = {isa = PBXBuildFile; fileRef = 3E9224662A5684E20087590D /* HexagonParameters.swift */; };
		3E9224692A5684E20087590D /* HexagonParameters.swift in Sources */ = {isa = PBXBuildFile; fileRef = 3E9224662A5684E20087590D /* HexagonParameters.swift */; };
		3E92246B2A56860D0087590D /* BadgeBackground.swift in Sources */ = {isa = PBXBuildFile; fileRef = 3E92246A2A56860D0087590D /* BadgeBackground.swift */; };
		3E92246C2A56860D0087590D /* BadgeBackground.swift in Sources */ = {isa = PBXBuildFile; fileRef = 3E92246A2A56860D0087590D /* BadgeBackground.swift */; };
		3E92246D2A56860D0087590D /* BadgeBackground.swift in Sources */ = {isa = PBXBuildFile; fileRef = 3E92246A2A56860D0087590D /* BadgeBackground.swift */; };
		3E92246F2A5689190087590D /* BadgeSymbol.swift in Sources */ = {isa = PBXBuildFile; fileRef = 3E92246E2A5689190087590D /* BadgeSymbol.swift */; };
		3E9224702A5689190087590D /* BadgeSymbol.swift in Sources */ = {isa = PBXBuildFile; fileRef = 3E92246E2A5689190087590D /* BadgeSymbol.swift */; };
		3E9224712A5689190087590D /* BadgeSymbol.swift in Sources */ = {isa = PBXBuildFile; fileRef = 3E92246E2A5689190087590D /* BadgeSymbol.swift */; };
		3E9224732A5689760087590D /* RotatedBadgeSymbol.swift in Sources */ = {isa = PBXBuildFile; fileRef = 3E9224722A5689760087590D /* RotatedBadgeSymbol.swift */; };
		3E9224742A5689760087590D /* RotatedBadgeSymbol.swift in Sources */ = {isa = PBXBuildFile; fileRef = 3E9224722A5689760087590D /* RotatedBadgeSymbol.swift */; };
		3E9224752A5689760087590D /* RotatedBadgeSymbol.swift in Sources */ = {isa = PBXBuildFile; fileRef = 3E9224722A5689760087590D /* RotatedBadgeSymbol.swift */; };
		3E9224772A5689B70087590D /* Badge.swift in Sources */ = {isa = PBXBuildFile; fileRef = 3E9224762A5689B70087590D /* Badge.swift */; };
		3E9224782A5689B70087590D /* Badge.swift in Sources */ = {isa = PBXBuildFile; fileRef = 3E9224762A5689B70087590D /* Badge.swift */; };
		3E9224792A5689B70087590D /* Badge.swift in Sources */ = {isa = PBXBuildFile; fileRef = 3E9224762A5689B70087590D /* Badge.swift */; };
		3E92247C2A56C3320087590D /* hikeData.json in Resources */ = {isa = PBXBuildFile; fileRef = 3E92247B2A56C3320087590D /* hikeData.json */; };
		3E92247D2A56C3320087590D /* hikeData.json in Resources */ = {isa = PBXBuildFile; fileRef = 3E92247B2A56C3320087590D /* hikeData.json */; };
		3E92247E2A56C3320087590D /* hikeData.json in Resources */ = {isa = PBXBuildFile; fileRef = 3E92247B2A56C3320087590D /* hikeData.json */; };
		3E9224802A56C3570087590D /* Hike.swift in Sources */ = {isa = PBXBuildFile; fileRef = 3E92247F2A56C3570087590D /* Hike.swift */; };
		3E9224812A56C3570087590D /* Hike.swift in Sources */ = {isa = PBXBuildFile; fileRef = 3E92247F2A56C3570087590D /* Hike.swift */; };
		3E9224822A56C3570087590D /* Hike.swift in Sources */ = {isa = PBXBuildFile; fileRef = 3E92247F2A56C3570087590D /* Hike.swift */; };
		3E9224882A56C45F0087590D /* GraphCapsule.swift in Sources */ = {isa = PBXBuildFile; fileRef = 3E9224842A56C45F0087590D /* GraphCapsule.swift */; };
		3E9224892A56C45F0087590D /* GraphCapsule.swift in Sources */ = {isa = PBXBuildFile; fileRef = 3E9224842A56C45F0087590D /* GraphCapsule.swift */; };
		3E92248A2A56C45F0087590D /* GraphCapsule.swift in Sources */ = {isa = PBXBuildFile; fileRef = 3E9224842A56C45F0087590D /* GraphCapsule.swift */; };
		3E92248B2A56C45F0087590D /* HikeGraph.swift in Sources */ = {isa = PBXBuildFile; fileRef = 3E9224852A56C45F0087590D /* HikeGraph.swift */; };
		3E92248C2A56C45F0087590D /* HikeGraph.swift in Sources */ = {isa = PBXBuildFile; fileRef = 3E9224852A56C45F0087590D /* HikeGraph.swift */; };
		3E92248D2A56C45F0087590D /* HikeGraph.swift in Sources */ = {isa = PBXBuildFile; fileRef = 3E9224852A56C45F0087590D /* HikeGraph.swift */; };
		3E92248E2A56C45F0087590D /* HikeDetail.swift in Sources */ = {isa = PBXBuildFile; fileRef = 3E9224862A56C45F0087590D /* HikeDetail.swift */; };
		3E92248F2A56C45F0087590D /* HikeDetail.swift in Sources */ = {isa = PBXBuildFile; fileRef = 3E9224862A56C45F0087590D /* HikeDetail.swift */; };
		3E9224902A56C45F0087590D /* HikeDetail.swift in Sources */ = {isa = PBXBuildFile; fileRef = 3E9224862A56C45F0087590D /* HikeDetail.swift */; };
		3E9224912A56C45F0087590D /* HikeView.swift in Sources */ = {isa = PBXBuildFile; fileRef = 3E9224872A56C45F0087590D /* HikeView.swift */; };
		3E9224922A56C45F0087590D /* HikeView.swift in Sources */ = {isa = PBXBuildFile; fileRef = 3E9224872A56C45F0087590D /* HikeView.swift */; };
		3E9224932A56C45F0087590D /* HikeView.swift in Sources */ = {isa = PBXBuildFile; fileRef = 3E9224872A56C45F0087590D /* HikeView.swift */; };
		3E9224962A56F58A0087590D /* CategoryHome.swift in Sources */ = {isa = PBXBuildFile; fileRef = 3E9224952A56F58A0087590D /* CategoryHome.swift */; };
		3E9224972A56F58A0087590D /* CategoryHome.swift in Sources */ = {isa = PBXBuildFile; fileRef = 3E9224952A56F58A0087590D /* CategoryHome.swift */; };
		3E9224982A56F58A0087590D /* CategoryHome.swift in Sources */ = {isa = PBXBuildFile; fileRef = 3E9224952A56F58A0087590D /* CategoryHome.swift */; };
		3E92249A2A56F8CC0087590D /* CategoryRow.swift in Sources */ = {isa = PBXBuildFile; fileRef = 3E9224992A56F8CC0087590D /* CategoryRow.swift */; };
		3E92249B2A56F8CC0087590D /* CategoryRow.swift in Sources */ = {isa = PBXBuildFile; fileRef = 3E9224992A56F8CC0087590D /* CategoryRow.swift */; };
		3E92249C2A56F8CC0087590D /* CategoryRow.swift in Sources */ = {isa = PBXBuildFile; fileRef = 3E9224992A56F8CC0087590D /* CategoryRow.swift */; };
		3E92249E2A56FA6E0087590D /* CategoryItem.swift in Sources */ = {isa = PBXBuildFile; fileRef = 3E92249D2A56FA6E0087590D /* CategoryItem.swift */; };
		3E92249F2A56FA6E0087590D /* CategoryItem.swift in Sources */ = {isa = PBXBuildFile; fileRef = 3E92249D2A56FA6E0087590D /* CategoryItem.swift */; };
		3E9224A02A56FA6E0087590D /* CategoryItem.swift in Sources */ = {isa = PBXBuildFile; fileRef = 3E92249D2A56FA6E0087590D /* CategoryItem.swift */; };
/* End PBXBuildFile section */

/* Begin PBXContainerItemProxy section */
		3E9224232A552CA30087590D /* PBXContainerItemProxy */ = {
			isa = PBXContainerItemProxy;
			containerPortal = 3E92240A2A552CA20087590D /* Project object */;
			proxyType = 1;
			remoteGlobalIDString = 3E9224112A552CA20087590D;
			remoteInfo = Landmarks;
		};
		3E92242D2A552CA30087590D /* PBXContainerItemProxy */ = {
			isa = PBXContainerItemProxy;
			containerPortal = 3E92240A2A552CA20087590D /* Project object */;
			proxyType = 1;
			remoteGlobalIDString = 3E9224112A552CA20087590D;
			remoteInfo = Landmarks;
		};
/* End PBXContainerItemProxy section */

/* Begin PBXFileReference section */
		3E9224122A552CA20087590D /* Landmarks.app */ = {isa = PBXFileReference; explicitFileType = wrapper.application; includeInIndex = 0; path = Landmarks.app; sourceTree = BUILT_PRODUCTS_DIR; };
		3E9224152A552CA20087590D /* LandmarksApp.swift */ = {isa = PBXFileReference; lastKnownFileType = sourcecode.swift; path = LandmarksApp.swift; sourceTree = "<group>"; };
		3E9224172A552CA20087590D /* ContentView.swift */ = {isa = PBXFileReference; lastKnownFileType = sourcecode.swift; path = ContentView.swift; sourceTree = "<group>"; };
		3E9224192A552CA30087590D /* Assets.xcassets */ = {isa = PBXFileReference; lastKnownFileType = folder.assetcatalog; path = Assets.xcassets; sourceTree = "<group>"; };
		3E92241C2A552CA30087590D /* Preview Assets.xcassets */ = {isa = PBXFileReference; lastKnownFileType = folder.assetcatalog; path = "Preview Assets.xcassets"; sourceTree = "<group>"; };
		3E9224222A552CA30087590D /* LandmarksTests.xctest */ = {isa = PBXFileReference; explicitFileType = wrapper.cfbundle; includeInIndex = 0; path = LandmarksTests.xctest; sourceTree = BUILT_PRODUCTS_DIR; };
		3E92242C2A552CA30087590D /* LandmarksUITests.xctest */ = {isa = PBXFileReference; explicitFileType = wrapper.cfbundle; includeInIndex = 0; path = LandmarksUITests.xctest; sourceTree = BUILT_PRODUCTS_DIR; };
		3E92243F2A5531E80087590D /* CircleImage.swift */ = {isa = PBXFileReference; lastKnownFileType = sourcecode.swift; path = CircleImage.swift; sourceTree = "<group>"; };
		3E9224412A5532F20087590D /* MapView.swift */ = {isa = PBXFileReference; lastKnownFileType = sourcecode.swift; path = MapView.swift; sourceTree = "<group>"; };
		3E9224432A5538E70087590D /* landmarkData.json */ = {isa = PBXFileReference; fileEncoding = 4; lastKnownFileType = text.json; path = landmarkData.json; sourceTree = "<group>"; };
		3E9224472A5539140087590D /* Landmark.swift */ = {isa = PBXFileReference; lastKnownFileType = sourcecode.swift; path = Landmark.swift; sourceTree = "<group>"; };
		3E92244B2A5541DE0087590D /* ModelData.swift */ = {isa = PBXFileReference; lastKnownFileType = sourcecode.swift; path = ModelData.swift; sourceTree = "<group>"; };
		3E9224522A554FF10087590D /* LandmarkRow.swift */ = {isa = PBXFileReference; lastKnownFileType = sourcecode.swift; path = LandmarkRow.swift; sourceTree = "<group>"; };
		3E9224562A5557930087590D /* LandmarkList.swift */ = {isa = PBXFileReference; lastKnownFileType = sourcecode.swift; path = LandmarkList.swift; sourceTree = "<group>"; };
		3E92245A2A555A090087590D /* LandmarkDetail.swift */ = {isa = PBXFileReference; lastKnownFileType = sourcecode.swift; path = LandmarkDetail.swift; sourceTree = "<group>"; };
		3E92245E2A55A6330087590D /* FavoriteButton.swift */ = {isa = PBXFileReference; lastKnownFileType = sourcecode.swift; path = FavoriteButton.swift; sourceTree = "<group>"; };
		3E9224662A5684E20087590D /* HexagonParameters.swift */ = {isa = PBXFileReference; lastKnownFileType = sourcecode.swift; path = HexagonParameters.swift; sourceTree = "<group>"; };
		3E92246A2A56860D0087590D /* BadgeBackground.swift */ = {isa = PBXFileReference; lastKnownFileType = sourcecode.swift; path = BadgeBackground.swift; sourceTree = "<group>"; };
		3E92246E2A5689190087590D /* BadgeSymbol.swift */ = {isa = PBXFileReference; lastKnownFileType = sourcecode.swift; path = BadgeSymbol.swift; sourceTree = "<group>"; };
		3E9224722A5689760087590D /* RotatedBadgeSymbol.swift */ = {isa = PBXFileReference; lastKnownFileType = sourcecode.swift; path = RotatedBadgeSymbol.swift; sourceTree = "<group>"; };
		3E9224762A5689B70087590D /* Badge.swift */ = {isa = PBXFileReference; lastKnownFileType = sourcecode.swift; path = Badge.swift; sourceTree = "<group>"; };
		3E92247B2A56C3320087590D /* hikeData.json */ = {isa = PBXFileReference; fileEncoding = 4; lastKnownFileType = text.json; path = hikeData.json; sourceTree = "<group>"; };
		3E92247F2A56C3570087590D /* Hike.swift */ = {isa = PBXFileReference; lastKnownFileType = sourcecode.swift; path = Hike.swift; sourceTree = "<group>"; };
		3E9224842A56C45F0087590D /* GraphCapsule.swift */ = {isa = PBXFileReference; fileEncoding = 4; lastKnownFileType = sourcecode.swift; path = GraphCapsule.swift; sourceTree = "<group>"; };
		3E9224852A56C45F0087590D /* HikeGraph.swift */ = {isa = PBXFileReference; fileEncoding = 4; lastKnownFileType = sourcecode.swift; path = HikeGraph.swift; sourceTree = "<group>"; };
		3E9224862A56C45F0087590D /* HikeDetail.swift */ = {isa = PBXFileReference; fileEncoding = 4; lastKnownFileType = sourcecode.swift; path = HikeDetail.swift; sourceTree = "<group>"; };
		3E9224872A56C45F0087590D /* HikeView.swift */ = {isa = PBXFileReference; fileEncoding = 4; lastKnownFileType = sourcecode.swift; path = HikeView.swift; sourceTree = "<group>"; };
		3E9224952A56F58A0087590D /* CategoryHome.swift */ = {isa = PBXFileReference; lastKnownFileType = sourcecode.swift; path = CategoryHome.swift; sourceTree = "<group>"; };
		3E9224992A56F8CC0087590D /* CategoryRow.swift */ = {isa = PBXFileReference; lastKnownFileType = sourcecode.swift; path = CategoryRow.swift; sourceTree = "<group>"; };
		3E92249D2A56FA6E0087590D /* CategoryItem.swift */ = {isa = PBXFileReference; lastKnownFileType = sourcecode.swift; path = CategoryItem.swift; sourceTree = "<group>"; };
/* End PBXFileReference section */

/* Begin PBXFrameworksBuildPhase section */
		3E92240F2A552CA20087590D /* Frameworks */ = {
			isa = PBXFrameworksBuildPhase;
			buildActionMask = 2147483647;
			files = (
			);
			runOnlyForDeploymentPostprocessing = 0;
		};
		3E92241F2A552CA30087590D /* Frameworks */ = {
			isa = PBXFrameworksBuildPhase;
			buildActionMask = 2147483647;
			files = (
			);
			runOnlyForDeploymentPostprocessing = 0;
		};
		3E9224292A552CA30087590D /* Frameworks */ = {
			isa = PBXFrameworksBuildPhase;
			buildActionMask = 2147483647;
			files = (
			);
			runOnlyForDeploymentPostprocessing = 0;
		};
/* End PBXFrameworksBuildPhase section */

/* Begin PBXGroup section */
		3E9224092A552CA20087590D = {
			isa = PBXGroup;
			children = (
				3E9224142A552CA20087590D /* Landmarks */,
				3E9224132A552CA20087590D /* Products */,
			);
			sourceTree = "<group>";
		};
		3E9224132A552CA20087590D /* Products */ = {
			isa = PBXGroup;
			children = (
				3E9224122A552CA20087590D /* Landmarks.app */,
				3E9224222A552CA30087590D /* LandmarksTests.xctest */,
				3E92242C2A552CA30087590D /* LandmarksUITests.xctest */,
			);
			name = Products;
			sourceTree = "<group>";
		};
		3E9224142A552CA20087590D /* Landmarks */ = {
			isa = PBXGroup;
			children = (
				3E9224152A552CA20087590D /* LandmarksApp.swift */,
				3E92244F2A55428F0087590D /* Views */,
				3E9224502A5542CA0087590D /* Model */,
				3E9224192A552CA30087590D /* Assets.xcassets */,
				3E92241B2A552CA30087590D /* Preview Content */,
				3E9224512A5542E10087590D /* Resources */,
			);
			path = Landmarks;
			sourceTree = "<group>";
		};
		3E92241B2A552CA30087590D /* Preview Content */ = {
			isa = PBXGroup;
			children = (
				3E92241C2A552CA30087590D /* Preview Assets.xcassets */,
			);
			path = "Preview Content";
			sourceTree = "<group>";
		};
		3E92244F2A55428F0087590D /* Views */ = {
			isa = PBXGroup;
			children = (
				3E9224942A56F56F0087590D /* Categories */,
				3E9224172A552CA20087590D /* ContentView.swift */,
				3E9224622A5673780087590D /* Landmarks */,
				3E9224832A56C45F0087590D /* Hikes */,
				3E9224632A56738B0087590D /* Helpers */,
				3E92247A2A568A360087590D /* Badges */,
			);
			path = Views;
			sourceTree = "<group>";
		};
		3E9224502A5542CA0087590D /* Model */ = {
			isa = PBXGroup;
			children = (
				3E9224472A5539140087590D /* Landmark.swift */,
				3E92244B2A5541DE0087590D /* ModelData.swift */,
				3E92247F2A56C3570087590D /* Hike.swift */,
			);
			path = Model;
			sourceTree = "<group>";
		};
		3E9224512A5542E10087590D /* Resources */ = {
			isa = PBXGroup;
			children = (
				3E9224432A5538E70087590D /* landmarkData.json */,
				3E92247B2A56C3320087590D /* hikeData.json */,
			);
			path = Resources;
			sourceTree = "<group>";
		};
		3E9224622A5673780087590D /* Landmarks */ = {
			isa = PBXGroup;
			children = (
				3E9224522A554FF10087590D /* LandmarkRow.swift */,
				3E9224562A5557930087590D /* LandmarkList.swift */,
				3E92245A2A555A090087590D /* LandmarkDetail.swift */,
			);
			path = Landmarks;
			sourceTree = "<group>";
		};
		3E9224632A56738B0087590D /* Helpers */ = {
			isa = PBXGroup;
			children = (
				3E92243F2A5531E80087590D /* CircleImage.swift */,
				3E9224412A5532F20087590D /* MapView.swift */,
				3E92245E2A55A6330087590D /* FavoriteButton.swift */,
			);
			path = Helpers;
			sourceTree = "<group>";
		};
		3E92247A2A568A360087590D /* Badges */ = {
			isa = PBXGroup;
			children = (
				3E9224662A5684E20087590D /* HexagonParameters.swift */,
				3E92246A2A56860D0087590D /* BadgeBackground.swift */,
				3E92246E2A5689190087590D /* BadgeSymbol.swift */,
				3E9224722A5689760087590D /* RotatedBadgeSymbol.swift */,
				3E9224762A5689B70087590D /* Badge.swift */,
			);
			path = Badges;
			sourceTree = "<group>";
		};
		3E9224832A56C45F0087590D /* Hikes */ = {
			isa = PBXGroup;
			children = (
				3E9224842A56C45F0087590D /* GraphCapsule.swift */,
				3E9224852A56C45F0087590D /* HikeGraph.swift */,
				3E9224862A56C45F0087590D /* HikeDetail.swift */,
				3E9224872A56C45F0087590D /* HikeView.swift */,
			);
			path = Hikes;
			sourceTree = "<group>";
		};
		3E9224942A56F56F0087590D /* Categories */ = {
			isa = PBXGroup;
			children = (
				3E9224952A56F58A0087590D /* CategoryHome.swift */,
				3E9224992A56F8CC0087590D /* CategoryRow.swift */,
				3E92249D2A56FA6E0087590D /* CategoryItem.swift */,
			);
			path = Categories;
			sourceTree = "<group>";
		};
/* End PBXGroup section */

/* Begin PBXNativeTarget section */
		3E9224112A552CA20087590D /* Landmarks */ = {
			isa = PBXNativeTarget;
			buildConfigurationList = 3E9224362A552CA30087590D /* Build configuration list for PBXNativeTarget "Landmarks" */;
			buildPhases = (
				3E92240E2A552CA20087590D /* Sources */,
				3E92240F2A552CA20087590D /* Frameworks */,
				3E9224102A552CA20087590D /* Resources */,
			);
			buildRules = (
			);
			dependencies = (
			);
			name = Landmarks;
			productName = Landmarks;
			productReference = 3E9224122A552CA20087590D /* Landmarks.app */;
			productType = "com.apple.product-type.application";
		};
		3E9224212A552CA30087590D /* LandmarksTests */ = {
			isa = PBXNativeTarget;
			buildConfigurationList = 3E9224392A552CA30087590D /* Build configuration list for PBXNativeTarget "LandmarksTests" */;
			buildPhases = (
				3E92241E2A552CA30087590D /* Sources */,
				3E92241F2A552CA30087590D /* Frameworks */,
				3E9224202A552CA30087590D /* Resources */,
			);
			buildRules = (
			);
			dependencies = (
				3E9224242A552CA30087590D /* PBXTargetDependency */,
			);
			name = LandmarksTests;
			productName = LandmarksTests;
			productReference = 3E9224222A552CA30087590D /* LandmarksTests.xctest */;
			productType = "com.apple.product-type.bundle.unit-test";
		};
		3E92242B2A552CA30087590D /* LandmarksUITests */ = {
			isa = PBXNativeTarget;
			buildConfigurationList = 3E92243C2A552CA30087590D /* Build configuration list for PBXNativeTarget "LandmarksUITests" */;
			buildPhases = (
				3E9224282A552CA30087590D /* Sources */,
				3E9224292A552CA30087590D /* Frameworks */,
				3E92242A2A552CA30087590D /* Resources */,
			);
			buildRules = (
			);
			dependencies = (
				3E92242E2A552CA30087590D /* PBXTargetDependency */,
			);
			name = LandmarksUITests;
			productName = LandmarksUITests;
			productReference = 3E92242C2A552CA30087590D /* LandmarksUITests.xctest */;
			productType = "com.apple.product-type.bundle.ui-testing";
		};
/* End PBXNativeTarget section */

/* Begin PBXProject section */
		3E92240A2A552CA20087590D /* Project object */ = {
			isa = PBXProject;
			attributes = {
				BuildIndependentTargetsInParallel = 1;
				LastSwiftUpdateCheck = 1430;
				LastUpgradeCheck = 1430;
				TargetAttributes = {
					3E9224112A552CA20087590D = {
						CreatedOnToolsVersion = 14.3.1;
					};
					3E9224212A552CA30087590D = {
						CreatedOnToolsVersion = 14.3.1;
						TestTargetID = 3E9224112A552CA20087590D;
					};
					3E92242B2A552CA30087590D = {
						CreatedOnToolsVersion = 14.3.1;
						TestTargetID = 3E9224112A552CA20087590D;
					};
				};
			};
			buildConfigurationList = 3E92240D2A552CA20087590D /* Build configuration list for PBXProject "Landmarks" */;
			compatibilityVersion = "Xcode 14.0";
			developmentRegion = en;
			hasScannedForEncodings = 0;
			knownRegions = (
				en,
				Base,
			);
			mainGroup = 3E9224092A552CA20087590D;
			productRefGroup = 3E9224132A552CA20087590D /* Products */;
			projectDirPath = "";
			projectRoot = "";
			targets = (
				3E9224112A552CA20087590D /* Landmarks */,
				3E9224212A552CA30087590D /* LandmarksTests */,
				3E92242B2A552CA30087590D /* LandmarksUITests */,
			);
		};
/* End PBXProject section */

/* Begin PBXResourcesBuildPhase section */
		3E9224102A552CA20087590D /* Resources */ = {
			isa = PBXResourcesBuildPhase;
			buildActionMask = 2147483647;
			files = (
				3E92247C2A56C3320087590D /* hikeData.json in Resources */,
				3E92241D2A552CA30087590D /* Preview Assets.xcassets in Resources */,
				3E92241A2A552CA30087590D /* Assets.xcassets in Resources */,
				3E9224442A5538E70087590D /* landmarkData.json in Resources */,
			);
			runOnlyForDeploymentPostprocessing = 0;
		};
		3E9224202A552CA30087590D /* Resources */ = {
			isa = PBXResourcesBuildPhase;
			buildActionMask = 2147483647;
			files = (
				3E92247D2A56C3320087590D /* hikeData.json in Resources */,
				3E9224452A5538E70087590D /* landmarkData.json in Resources */,
			);
			runOnlyForDeploymentPostprocessing = 0;
		};
		3E92242A2A552CA30087590D /* Resources */ = {
			isa = PBXResourcesBuildPhase;
			buildActionMask = 2147483647;
			files = (
				3E92247E2A56C3320087590D /* hikeData.json in Resources */,
				3E9224462A5538E70087590D /* landmarkData.json in Resources */,
			);
			runOnlyForDeploymentPostprocessing = 0;
		};
/* End PBXResourcesBuildPhase section */

/* Begin PBXSourcesBuildPhase section */
		3E92240E2A552CA20087590D /* Sources */ = {
			isa = PBXSourcesBuildPhase;
			buildActionMask = 2147483647;
			files = (
				3E92249A2A56F8CC0087590D /* CategoryRow.swift in Sources */,
				3E9224182A552CA20087590D /* ContentView.swift in Sources */,
				3E9224962A56F58A0087590D /* CategoryHome.swift in Sources */,
				3E92248B2A56C45F0087590D /* HikeGraph.swift in Sources */,
				3E9224772A5689B70087590D /* Badge.swift in Sources */,
				3E9224422A5532F20087590D /* MapView.swift in Sources */,
				3E9224882A56C45F0087590D /* GraphCapsule.swift in Sources */,
				3E9224732A5689760087590D /* RotatedBadgeSymbol.swift in Sources */,
				3E9224162A552CA20087590D /* LandmarksApp.swift in Sources */,
				3E92249E2A56FA6E0087590D /* CategoryItem.swift in Sources */,
				3E92248E2A56C45F0087590D /* HikeDetail.swift in Sources */,
				3E92245F2A55A6330087590D /* FavoriteButton.swift in Sources */,
				3E9224802A56C3570087590D /* Hike.swift in Sources */,
				3E9224672A5684E20087590D /* HexagonParameters.swift in Sources */,
				3E92246F2A5689190087590D /* BadgeSymbol.swift in Sources */,
				3E9224572A5557930087590D /* LandmarkList.swift in Sources */,
				3E9224912A56C45F0087590D /* HikeView.swift in Sources */,
				3E92245B2A555A090087590D /* LandmarkDetail.swift in Sources */,
				3E92246B2A56860D0087590D /* BadgeBackground.swift in Sources */,
				3E9224402A5531E80087590D /* CircleImage.swift in Sources */,
				3E9224482A5539140087590D /* Landmark.swift in Sources */,
				3E9224532A554FF10087590D /* LandmarkRow.swift in Sources */,
				3E92244C2A5541DE0087590D /* ModelData.swift in Sources */,
			);
			runOnlyForDeploymentPostprocessing = 0;
		};
		3E92241E2A552CA30087590D /* Sources */ = {
			isa = PBXSourcesBuildPhase;
			buildActionMask = 2147483647;
			files = (
				3E9224682A5684E20087590D /* HexagonParameters.swift in Sources */,
				3E9224782A5689B70087590D /* Badge.swift in Sources */,
				3E9224652A56739E0087590D /* MapView.swift in Sources */,
				3E9224492A5539140087590D /* Landmark.swift in Sources */,
				3E9224812A56C3570087590D /* Hike.swift in Sources */,
				3E9224922A56C45F0087590D /* HikeView.swift in Sources */,
				3E9224742A5689760087590D /* RotatedBadgeSymbol.swift in Sources */,
				3E9224892A56C45F0087590D /* GraphCapsule.swift in Sources */,
				3E9224702A5689190087590D /* BadgeSymbol.swift in Sources */,
				3E92244D2A5541DE0087590D /* ModelData.swift in Sources */,
				3E9224972A56F58A0087590D /* CategoryHome.swift in Sources */,
				3E92246C2A56860D0087590D /* BadgeBackground.swift in Sources */,
				3E9224542A554FF10087590D /* LandmarkRow.swift in Sources */,
				3E9224602A55A6330087590D /* FavoriteButton.swift in Sources */,
				3E92245C2A555A090087590D /* LandmarkDetail.swift in Sources */,
				3E92248C2A56C45F0087590D /* HikeGraph.swift in Sources */,
				3E9224582A5557930087590D /* LandmarkList.swift in Sources */,
				3E92248F2A56C45F0087590D /* HikeDetail.swift in Sources */,
				3E92249F2A56FA6E0087590D /* CategoryItem.swift in Sources */,
				3E92249B2A56F8CC0087590D /* CategoryRow.swift in Sources */,
			);
			runOnlyForDeploymentPostprocessing = 0;
		};
		3E9224282A552CA30087590D /* Sources */ = {
			isa = PBXSourcesBuildPhase;
			buildActionMask = 2147483647;
			files = (
				3E9224692A5684E20087590D /* HexagonParameters.swift in Sources */,
				3E9224792A5689B70087590D /* Badge.swift in Sources */,
				3E9224642A56739E0087590D /* MapView.swift in Sources */,
				3E92244E2A5541DE0087590D /* ModelData.swift in Sources */,
				3E9224822A56C3570087590D /* Hike.swift in Sources */,
				3E9224932A56C45F0087590D /* HikeView.swift in Sources */,
				3E9224752A5689760087590D /* RotatedBadgeSymbol.swift in Sources */,
				3E92248A2A56C45F0087590D /* GraphCapsule.swift in Sources */,
				3E9224712A5689190087590D /* BadgeSymbol.swift in Sources */,
				3E92244A2A5539140087590D /* Landmark.swift in Sources */,
				3E9224982A56F58A0087590D /* CategoryHome.swift in Sources */,
				3E92246D2A56860D0087590D /* BadgeBackground.swift in Sources */,
				3E9224552A554FF10087590D /* LandmarkRow.swift in Sources */,
				3E9224612A55A6330087590D /* FavoriteButton.swift in Sources */,
				3E92245D2A555A090087590D /* LandmarkDetail.swift in Sources */,
				3E92248D2A56C45F0087590D /* HikeGraph.swift in Sources */,
				3E9224592A5557930087590D /* LandmarkList.swift in Sources */,
				3E9224902A56C45F0087590D /* HikeDetail.swift in Sources */,
				3E9224A02A56FA6E0087590D /* CategoryItem.swift in Sources */,
				3E92249C2A56F8CC0087590D /* CategoryRow.swift in Sources */,
			);
			runOnlyForDeploymentPostprocessing = 0;
		};
/* End PBXSourcesBuildPhase section */

/* Begin PBXTargetDependency section */
		3E9224242A552CA30087590D /* PBXTargetDependency */ = {
			isa = PBXTargetDependency;
			target = 3E9224112A552CA20087590D /* Landmarks */;
			targetProxy = 3E9224232A552CA30087590D /* PBXContainerItemProxy */;
		};
		3E92242E2A552CA30087590D /* PBXTargetDependency */ = {
			isa = PBXTargetDependency;
			target = 3E9224112A552CA20087590D /* Landmarks */;
			targetProxy = 3E92242D2A552CA30087590D /* PBXContainerItemProxy */;
		};
/* End PBXTargetDependency section */

/* Begin XCBuildConfiguration section */
		3E9224342A552CA30087590D /* Debug */ = {
			isa = XCBuildConfiguration;
			buildSettings = {
				ALWAYS_SEARCH_USER_PATHS = NO;
				CLANG_ANALYZER_NONNULL = YES;
				CLANG_ANALYZER_NUMBER_OBJECT_CONVERSION = YES_AGGRESSIVE;
				CLANG_CXX_LANGUAGE_STANDARD = "gnu++20";
				CLANG_ENABLE_MODULES = YES;
				CLANG_ENABLE_OBJC_ARC = YES;
				CLANG_ENABLE_OBJC_WEAK = YES;
				CLANG_WARN_BLOCK_CAPTURE_AUTORELEASING = YES;
				CLANG_WARN_BOOL_CONVERSION = YES;
				CLANG_WARN_COMMA = YES;
				CLANG_WARN_CONSTANT_CONVERSION = YES;
				CLANG_WARN_DEPRECATED_OBJC_IMPLEMENTATIONS = YES;
				CLANG_WARN_DIRECT_OBJC_ISA_USAGE = YES_ERROR;
				CLANG_WARN_DOCUMENTATION_COMMENTS = YES;
				CLANG_WARN_EMPTY_BODY = YES;
				CLANG_WARN_ENUM_CONVERSION = YES;
				CLANG_WARN_INFINITE_RECURSION = YES;
				CLANG_WARN_INT_CONVERSION = YES;
				CLANG_WARN_NON_LITERAL_NULL_CONVERSION = YES;
				CLANG_WARN_OBJC_IMPLICIT_RETAIN_SELF = YES;
				CLANG_WARN_OBJC_LITERAL_CONVERSION = YES;
				CLANG_WARN_OBJC_ROOT_CLASS = YES_ERROR;
				CLANG_WARN_QUOTED_INCLUDE_IN_FRAMEWORK_HEADER = YES;
				CLANG_WARN_RANGE_LOOP_ANALYSIS = YES;
				CLANG_WARN_STRICT_PROTOTYPES = YES;
				CLANG_WARN_SUSPICIOUS_MOVE = YES;
				CLANG_WARN_UNGUARDED_AVAILABILITY = YES_AGGRESSIVE;
				CLANG_WARN_UNREACHABLE_CODE = YES;
				CLANG_WARN__DUPLICATE_METHOD_MATCH = YES;
				COPY_PHASE_STRIP = NO;
				DEBUG_INFORMATION_FORMAT = dwarf;
				ENABLE_STRICT_OBJC_MSGSEND = YES;
				ENABLE_TESTABILITY = YES;
				GCC_C_LANGUAGE_STANDARD = gnu11;
				GCC_DYNAMIC_NO_PIC = NO;
				GCC_NO_COMMON_BLOCKS = YES;
				GCC_OPTIMIZATION_LEVEL = 0;
				GCC_PREPROCESSOR_DEFINITIONS = (
					"DEBUG=1",
					"$(inherited)",
				);
				GCC_WARN_64_TO_32_BIT_CONVERSION = YES;
				GCC_WARN_ABOUT_RETURN_TYPE = YES_ERROR;
				GCC_WARN_UNDECLARED_SELECTOR = YES;
				GCC_WARN_UNINITIALIZED_AUTOS = YES_AGGRESSIVE;
				GCC_WARN_UNUSED_FUNCTION = YES;
				GCC_WARN_UNUSED_VARIABLE = YES;
				IPHONEOS_DEPLOYMENT_TARGET = 16.4;
				MTL_ENABLE_DEBUG_INFO = INCLUDE_SOURCE;
				MTL_FAST_MATH = YES;
				ONLY_ACTIVE_ARCH = YES;
				SDKROOT = iphoneos;
				SWIFT_ACTIVE_COMPILATION_CONDITIONS = DEBUG;
				SWIFT_OPTIMIZATION_LEVEL = "-Onone";
			};
			name = Debug;
		};
		3E9224352A552CA30087590D /* Release */ = {
			isa = XCBuildConfiguration;
			buildSettings = {
				ALWAYS_SEARCH_USER_PATHS = NO;
				CLANG_ANALYZER_NONNULL = YES;
				CLANG_ANALYZER_NUMBER_OBJECT_CONVERSION = YES_AGGRESSIVE;
				CLANG_CXX_LANGUAGE_STANDARD = "gnu++20";
				CLANG_ENABLE_MODULES = YES;
				CLANG_ENABLE_OBJC_ARC = YES;
				CLANG_ENABLE_OBJC_WEAK = YES;
				CLANG_WARN_BLOCK_CAPTURE_AUTORELEASING = YES;
				CLANG_WARN_BOOL_CONVERSION = YES;
				CLANG_WARN_COMMA = YES;
				CLANG_WARN_CONSTANT_CONVERSION = YES;
				CLANG_WARN_DEPRECATED_OBJC_IMPLEMENTATIONS = YES;
				CLANG_WARN_DIRECT_OBJC_ISA_USAGE = YES_ERROR;
				CLANG_WARN_DOCUMENTATION_COMMENTS = YES;
				CLANG_WARN_EMPTY_BODY = YES;
				CLANG_WARN_ENUM_CONVERSION = YES;
				CLANG_WARN_INFINITE_RECURSION = YES;
				CLANG_WARN_INT_CONVERSION = YES;
				CLANG_WARN_NON_LITERAL_NULL_CONVERSION = YES;
				CLANG_WARN_OBJC_IMPLICIT_RETAIN_SELF = YES;
				CLANG_WARN_OBJC_LITERAL_CONVERSION = YES;
				CLANG_WARN_OBJC_ROOT_CLASS = YES_ERROR;
				CLANG_WARN_QUOTED_INCLUDE_IN_FRAMEWORK_HEADER = YES;
				CLANG_WARN_RANGE_LOOP_ANALYSIS = YES;
				CLANG_WARN_STRICT_PROTOTYPES = YES;
				CLANG_WARN_SUSPICIOUS_MOVE = YES;
				CLANG_WARN_UNGUARDED_AVAILABILITY = YES_AGGRESSIVE;
				CLANG_WARN_UNREACHABLE_CODE = YES;
				CLANG_WARN__DUPLICATE_METHOD_MATCH = YES;
				COPY_PHASE_STRIP = NO;
				DEBUG_INFORMATION_FORMAT = "dwarf-with-dsym";
				ENABLE_NS_ASSERTIONS = NO;
				ENABLE_STRICT_OBJC_MSGSEND = YES;
				GCC_C_LANGUAGE_STANDARD = gnu11;
				GCC_NO_COMMON_BLOCKS = YES;
				GCC_WARN_64_TO_32_BIT_CONVERSION = YES;
				GCC_WARN_ABOUT_RETURN_TYPE = YES_ERROR;
				GCC_WARN_UNDECLARED_SELECTOR = YES;
				GCC_WARN_UNINITIALIZED_AUTOS = YES_AGGRESSIVE;
				GCC_WARN_UNUSED_FUNCTION = YES;
				GCC_WARN_UNUSED_VARIABLE = YES;
				IPHONEOS_DEPLOYMENT_TARGET = 16.4;
				MTL_ENABLE_DEBUG_INFO = NO;
				MTL_FAST_MATH = YES;
				SDKROOT = iphoneos;
				SWIFT_COMPILATION_MODE = wholemodule;
				SWIFT_OPTIMIZATION_LEVEL = "-O";
				VALIDATE_PRODUCT = YES;
			};
			name = Release;
		};
		3E9224372A552CA30087590D /* Debug */ = {
			isa = XCBuildConfiguration;
			buildSettings = {
				ASSETCATALOG_COMPILER_APPICON_NAME = AppIcon;
				ASSETCATALOG_COMPILER_GLOBAL_ACCENT_COLOR_NAME = AccentColor;
				CODE_SIGN_STYLE = Automatic;
				CURRENT_PROJECT_VERSION = 1;
				DEVELOPMENT_ASSET_PATHS = "\"Landmarks/Preview Content\"";
				DEVELOPMENT_TEAM = CH9GHVXXU9;
				ENABLE_PREVIEWS = YES;
				GENERATE_INFOPLIST_FILE = YES;
				INFOPLIST_KEY_UIApplicationSceneManifest_Generation = YES;
				INFOPLIST_KEY_UIApplicationSupportsIndirectInputEvents = YES;
				INFOPLIST_KEY_UILaunchScreen_Generation = YES;
				INFOPLIST_KEY_UISupportedInterfaceOrientations_iPad = "UIInterfaceOrientationPortrait UIInterfaceOrientationPortraitUpsideDown UIInterfaceOrientationLandscapeLeft UIInterfaceOrientationLandscapeRight";
				INFOPLIST_KEY_UISupportedInterfaceOrientations_iPhone = "UIInterfaceOrientationPortrait UIInterfaceOrientationLandscapeLeft UIInterfaceOrientationLandscapeRight";
				LD_RUNPATH_SEARCH_PATHS = (
					"$(inherited)",
					"@executable_path/Frameworks",
				);
				MARKETING_VERSION = 1.0;
				PRODUCT_BUNDLE_IDENTIFIER = jp.13an.Landmarks;
				PRODUCT_NAME = "$(TARGET_NAME)";
				SWIFT_EMIT_LOC_STRINGS = YES;
				SWIFT_VERSION = 5.0;
				TARGETED_DEVICE_FAMILY = "1,2";
			};
			name = Debug;
		};
		3E9224382A552CA30087590D /* Release */ = {
			isa = XCBuildConfiguration;
			buildSettings = {
				ASSETCATALOG_COMPILER_APPICON_NAME = AppIcon;
				ASSETCATALOG_COMPILER_GLOBAL_ACCENT_COLOR_NAME = AccentColor;
				CODE_SIGN_STYLE = Automatic;
				CURRENT_PROJECT_VERSION = 1;
				DEVELOPMENT_ASSET_PATHS = "\"Landmarks/Preview Content\"";
				DEVELOPMENT_TEAM = CH9GHVXXU9;
				ENABLE_PREVIEWS = YES;
				GENERATE_INFOPLIST_FILE = YES;
				INFOPLIST_KEY_UIApplicationSceneManifest_Generation = YES;
				INFOPLIST_KEY_UIApplicationSupportsIndirectInputEvents = YES;
				INFOPLIST_KEY_UILaunchScreen_Generation = YES;
				INFOPLIST_KEY_UISupportedInterfaceOrientations_iPad = "UIInterfaceOrientationPortrait UIInterfaceOrientationPortraitUpsideDown UIInterfaceOrientationLandscapeLeft UIInterfaceOrientationLandscapeRight";
				INFOPLIST_KEY_UISupportedInterfaceOrientations_iPhone = "UIInterfaceOrientationPortrait UIInterfaceOrientationLandscapeLeft UIInterfaceOrientationLandscapeRight";
				LD_RUNPATH_SEARCH_PATHS = (
					"$(inherited)",
					"@executable_path/Frameworks",
				);
				MARKETING_VERSION = 1.0;
				PRODUCT_BUNDLE_IDENTIFIER = jp.13an.Landmarks;
				PRODUCT_NAME = "$(TARGET_NAME)";
				SWIFT_EMIT_LOC_STRINGS = YES;
				SWIFT_VERSION = 5.0;
				TARGETED_DEVICE_FAMILY = "1,2";
			};
			name = Release;
		};
		3E92243A2A552CA30087590D /* Debug */ = {
			isa = XCBuildConfiguration;
			buildSettings = {
				ALWAYS_EMBED_SWIFT_STANDARD_LIBRARIES = YES;
				BUNDLE_LOADER = "$(TEST_HOST)";
				CODE_SIGN_STYLE = Automatic;
				CURRENT_PROJECT_VERSION = 1;
				DEVELOPMENT_TEAM = CH9GHVXXU9;
				GENERATE_INFOPLIST_FILE = YES;
				IPHONEOS_DEPLOYMENT_TARGET = 16.4;
				MARKETING_VERSION = 1.0;
				PRODUCT_BUNDLE_IDENTIFIER = jp.13an.LandmarksTests;
				PRODUCT_NAME = "$(TARGET_NAME)";
				SWIFT_EMIT_LOC_STRINGS = NO;
				SWIFT_VERSION = 5.0;
				TARGETED_DEVICE_FAMILY = "1,2";
				TEST_HOST = "$(BUILT_PRODUCTS_DIR)/Landmarks.app/$(BUNDLE_EXECUTABLE_FOLDER_PATH)/Landmarks";
			};
			name = Debug;
		};
		3E92243B2A552CA30087590D /* Release */ = {
			isa = XCBuildConfiguration;
			buildSettings = {
				ALWAYS_EMBED_SWIFT_STANDARD_LIBRARIES = YES;
				BUNDLE_LOADER = "$(TEST_HOST)";
				CODE_SIGN_STYLE = Automatic;
				CURRENT_PROJECT_VERSION = 1;
				DEVELOPMENT_TEAM = CH9GHVXXU9;
				GENERATE_INFOPLIST_FILE = YES;
				IPHONEOS_DEPLOYMENT_TARGET = 16.4;
				MARKETING_VERSION = 1.0;
				PRODUCT_BUNDLE_IDENTIFIER = jp.13an.LandmarksTests;
				PRODUCT_NAME = "$(TARGET_NAME)";
				SWIFT_EMIT_LOC_STRINGS = NO;
				SWIFT_VERSION = 5.0;
				TARGETED_DEVICE_FAMILY = "1,2";
				TEST_HOST = "$(BUILT_PRODUCTS_DIR)/Landmarks.app/$(BUNDLE_EXECUTABLE_FOLDER_PATH)/Landmarks";
			};
			name = Release;
		};
		3E92243D2A552CA30087590D /* Debug */ = {
			isa = XCBuildConfiguration;
			buildSettings = {
				ALWAYS_EMBED_SWIFT_STANDARD_LIBRARIES = YES;
				CODE_SIGN_STYLE = Automatic;
				CURRENT_PROJECT_VERSION = 1;
				DEVELOPMENT_TEAM = CH9GHVXXU9;
				GENERATE_INFOPLIST_FILE = YES;
				MARKETING_VERSION = 1.0;
				PRODUCT_BUNDLE_IDENTIFIER = jp.13an.LandmarksUITests;
				PRODUCT_NAME = "$(TARGET_NAME)";
				SWIFT_EMIT_LOC_STRINGS = NO;
				SWIFT_VERSION = 5.0;
				TARGETED_DEVICE_FAMILY = "1,2";
				TEST_TARGET_NAME = Landmarks;
			};
			name = Debug;
		};
		3E92243E2A552CA30087590D /* Release */ = {
			isa = XCBuildConfiguration;
			buildSettings = {
				ALWAYS_EMBED_SWIFT_STANDARD_LIBRARIES = YES;
				CODE_SIGN_STYLE = Automatic;
				CURRENT_PROJECT_VERSION = 1;
				DEVELOPMENT_TEAM = CH9GHVXXU9;
				GENERATE_INFOPLIST_FILE = YES;
				MARKETING_VERSION = 1.0;
				PRODUCT_BUNDLE_IDENTIFIER = jp.13an.LandmarksUITests;
				PRODUCT_NAME = "$(TARGET_NAME)";
				SWIFT_EMIT_LOC_STRINGS = NO;
				SWIFT_VERSION = 5.0;
				TARGETED_DEVICE_FAMILY = "1,2";
				TEST_TARGET_NAME = Landmarks;
			};
			name = Release;
		};
/* End XCBuildConfiguration section */

/* Begin XCConfigurationList section */
		3E92240D2A552CA20087590D /* Build configuration list for PBXProject "Landmarks" */ = {
			isa = XCConfigurationList;
			buildConfigurations = (
				3E9224342A552CA30087590D /* Debug */,
				3E9224352A552CA30087590D /* Release */,
			);
			defaultConfigurationIsVisible = 0;
			defaultConfigurationName = Release;
		};
		3E9224362A552CA30087590D /* Build configuration list for PBXNativeTarget "Landmarks" */ = {
			isa = XCConfigurationList;
			buildConfigurations = (
				3E9224372A552CA30087590D /* Debug */,
				3E9224382A552CA30087590D /* Release */,
			);
			defaultConfigurationIsVisible = 0;
			defaultConfigurationName = Release;
		};
		3E9224392A552CA30087590D /* Build configuration list for PBXNativeTarget "LandmarksTests" */ = {
			isa = XCConfigurationList;
			buildConfigurations = (
				3E92243A2A552CA30087590D /* Debug */,
				3E92243B2A552CA30087590D /* Release */,
			);
			defaultConfigurationIsVisible = 0;
			defaultConfigurationName = Release;
		};
		3E92243C2A552CA30087590D /* Build configuration list for PBXNativeTarget "LandmarksUITests" */ = {
			isa = XCConfigurationList;
			buildConfigurations = (
				3E92243D2A552CA30087590D /* Debug */,
				3E92243E2A552CA30087590D /* Release */,
			);
			defaultConfigurationIsVisible = 0;
			defaultConfigurationName = Release;
		};
/* End XCConfigurationList section */
	};
	rootObject = 3E92240A2A552CA20087590D /* Project object */;
}
